// !$*UTF8*$!
{
	archiveVersion = 1;
	classes = {
	};
	objectVersion = 46;
	objects = {

/* Begin PBXBuildFile section */
		9596E88F1BFC78C2009A6757 /* AppDelegate.swift in Sources */ = {isa = PBXBuildFile; fileRef = 9596E88E1BFC78C2009A6757 /* AppDelegate.swift */; };
		9596E8911BFC78C2009A6757 /* ViewController.swift in Sources */ = {isa = PBXBuildFile; fileRef = 9596E8901BFC78C2009A6757 /* ViewController.swift */; };
		9596E8941BFC78C2009A6757 /* Main.storyboard in Resources */ = {isa = PBXBuildFile; fileRef = 9596E8921BFC78C2009A6757 /* Main.storyboard */; };
		9596E8961BFC78C2009A6757 /* Assets.xcassets in Resources */ = {isa = PBXBuildFile; fileRef = 9596E8951BFC78C2009A6757 /* Assets.xcassets */; };
		9596E8991BFC78C2009A6757 /* LaunchScreen.storyboard in Resources */ = {isa = PBXBuildFile; fileRef = 9596E8971BFC78C2009A6757 /* LaunchScreen.storyboard */; };
		9596E8A11BFC7A38009A6757 /* ContactsTableViewController.swift in Sources */ = {isa = PBXBuildFile; fileRef = 9596E8A01BFC7A38009A6757 /* ContactsTableViewController.swift */; };
		9596E8A31BFDA214009A6757 /* Contact.swift in Sources */ = {isa = PBXBuildFile; fileRef = 9596E8A21BFDA214009A6757 /* Contact.swift */; };
		9596E8A51BFDAF83009A6757 /* DetailViewController.swift in Sources */ = {isa = PBXBuildFile; fileRef = 9596E8A41BFDAF83009A6757 /* DetailViewController.swift */; };
/* End PBXBuildFile section */

/* Begin PBXFileReference section */
		9596E88B1BFC78C2009A6757 /* Contacts.app */ = {isa = PBXFileReference; explicitFileType = wrapper.application; includeInIndex = 0; path = Contacts.app; sourceTree = BUILT_PRODUCTS_DIR; };
		9596E88E1BFC78C2009A6757 /* AppDelegate.swift */ = {isa = PBXFileReference; lastKnownFileType = sourcecode.swift; path = AppDelegate.swift; sourceTree = "<group>"; };
		9596E8901BFC78C2009A6757 /* ViewController.swift */ = {isa = PBXFileReference; lastKnownFileType = sourcecode.swift; path = ViewController.swift; sourceTree = "<group>"; };
		9596E8931BFC78C2009A6757 /* Base */ = {isa = PBXFileReference; lastKnownFileType = file.storyboard; name = Base; path = Base.lproj/Main.storyboard; sourceTree = "<group>"; };
		9596E8951BFC78C2009A6757 /* Assets.xcassets */ = {isa = PBXFileReference; lastKnownFileType = folder.assetcatalog; path = Assets.xcassets; sourceTree = "<group>"; };
		9596E8981BFC78C2009A6757 /* Base */ = {isa = PBXFileReference; lastKnownFileType = file.storyboard; name = Base; path = Base.lproj/LaunchScreen.storyboard; sourceTree = "<group>"; };
		9596E89A1BFC78C2009A6757 /* Info.plist */ = {isa = PBXFileReference; lastKnownFileType = text.plist.xml; path = Info.plist; sourceTree = "<group>"; };
		9596E8A01BFC7A38009A6757 /* ContactsTableViewController.swift */ = {isa = PBXFileReference; fileEncoding = 4; lastKnownFileType = sourcecode.swift; path = ContactsTableViewController.swift; sourceTree = "<group>"; };
		9596E8A21BFDA214009A6757 /* Contact.swift */ = {isa = PBXFileReference; fileEncoding = 4; lastKnownFileType = sourcecode.swift; path = Contact.swift; sourceTree = "<group>"; };
		9596E8A41BFDAF83009A6757 /* DetailViewController.swift */ = {isa = PBXFileReference; fileEncoding = 4; lastKnownFileType = sourcecode.swift; path = DetailViewController.swift; sourceTree = "<group>"; };
/* End PBXFileReference section */

/* Begin PBXFrameworksBuildPhase section */
		9596E8881BFC78C2009A6757 /* Frameworks */ = {
			isa = PBXFrameworksBuildPhase;
			buildActionMask = 2147483647;
			files = (
			);
			runOnlyForDeploymentPostprocessing = 0;
		};
/* End PBXFrameworksBuildPhase section */

/* Begin PBXGroup section */
		9596E8821BFC78C2009A6757 = {
			isa = PBXGroup;
			children = (
				9596E88D1BFC78C2009A6757 /* Contacts */,
				9596E88C1BFC78C2009A6757 /* Products */,
			);
			sourceTree = "<group>";
		};
		9596E88C1BFC78C2009A6757 /* Products */ = {
			isa = PBXGroup;
			children = (
				9596E88B1BFC78C2009A6757 /* Contacts.app */,
			);
			name = Products;
			sourceTree = "<group>";
		};
		9596E88D1BFC78C2009A6757 /* Contacts */ = {
			isa = PBXGroup;
			children = (
				9596E88E1BFC78C2009A6757 /* AppDelegate.swift */,
				9596E8901BFC78C2009A6757 /* ViewController.swift */,
				9596E8921BFC78C2009A6757 /* Main.storyboard */,
				9596E8A41BFDAF83009A6757 /* DetailViewController.swift */,
				9596E8A01BFC7A38009A6757 /* ContactsTableViewController.swift */,
				9596E8A21BFDA214009A6757 /* Contact.swift */,
				9596E8951BFC78C2009A6757 /* Assets.xcassets */,
				9596E8971BFC78C2009A6757 /* LaunchScreen.storyboard */,
				9596E89A1BFC78C2009A6757 /* Info.plist */,
			);
			path = Contacts;
			sourceTree = "<group>";
		};
/* End PBXGroup section */

/* Begin PBXNativeTarget section */
		9596E88A1BFC78C2009A6757 /* Contacts */ = {
			isa = PBXNativeTarget;
			buildConfigurationList = 9596E89D1BFC78C2009A6757 /* Build configuration list for PBXNativeTarget "Contacts" */;
			buildPhases = (
				9596E8871BFC78C2009A6757 /* Sources */,
				9596E8881BFC78C2009A6757 /* Frameworks */,
				9596E8891BFC78C2009A6757 /* Resources */,
			);
			buildRules = (
			);
			dependencies = (
			);
			name = Contacts;
			productName = Contacts;
			productReference = 9596E88B1BFC78C2009A6757 /* Contacts.app */;
			productType = "com.apple.product-type.application";
		};
/* End PBXNativeTarget section */

/* Begin PBXProject section */
		9596E8831BFC78C2009A6757 /* Project object */ = {
			isa = PBXProject;
			attributes = {
				LastSwiftUpdateCheck = 0710;
				LastUpgradeCheck = 0710;
				ORGANIZATIONNAME = "Anna Hull";
				TargetAttributes = {
					9596E88A1BFC78C2009A6757 = {
						CreatedOnToolsVersion = 7.1.1;
					};
				};
			};
			buildConfigurationList = 9596E8861BFC78C2009A6757 /* Build configuration list for PBXProject "Contacts" */;
			compatibilityVersion = "Xcode 3.2";
			developmentRegion = English;
			hasScannedForEncodings = 0;
			knownRegions = (
				en,
				Base,
			);
			mainGroup = 9596E8821BFC78C2009A6757;
			productRefGroup = 9596E88C1BFC78C2009A6757 /* Products */;
			projectDirPath = "";
			projectRoot = "";
			targets = (
				9596E88A1BFC78C2009A6757 /* Contacts */,
			);
		};
/* End PBXProject section */

/* Begin PBXResourcesBuildPhase section */
		9596E8891BFC78C2009A6757 /* Resources */ = {
			isa = PBXResourcesBuildPhase;
			buildActionMask = 2147483647;
			files = (
				9596E8991BFC78C2009A6757 /* LaunchScreen.storyboard in Resources */,
				9596E8961BFC78C2009A6757 /* Assets.xcassets in Resources */,
				9596E8941BFC78C2009A6757 /* Main.storyboard in Resources */,
			);
			runOnlyForDeploymentPostprocessing = 0;
		};
/* End PBXResourcesBuildPhase section */

/* Begin PBXSourcesBuildPhase section */
		9596E8871BFC78C2009A6757 /* Sources */ = {
			isa = PBXSourcesBuildPhase;
			buildActionMask = 2147483647;
			files = (
				9596E8A31BFDA214009A6757 /* Contact.swift in Sources */,
				9596E8911BFC78C2009A6757 /* ViewController.swift in Sources */,
				9596E8A51BFDAF83009A6757 /* DetailViewController.swift in Sources */,
				9596E88F1BFC78C2009A6757 /* AppDelegate.swift in Sources */,
				9596E8A11BFC7A38009A6757 /* ContactsTableViewController.swift in Sources */,
			);
			runOnlyForDeploymentPostprocessing = 0;
		};
/* End PBXSourcesBuildPhase section */

/* Begin PBXVariantGroup section */
		9596E8921BFC78C2009A6757 /* Main.storyboard */ = {
			isa = PBXVariantGroup;
			children = (
				9596E8931BFC78C2009A6757 /* Base */,
			);
			name = Main.storyboard;
			sourceTree = "<group>";
		};
		9596E8971BFC78C2009A6757 /* LaunchScreen.storyboard */ = {
			isa = PBXVariantGroup;
			children = (
				9596E8981BFC78C2009A6757 /* Base */,
			);
			name = LaunchScreen.storyboard;
			sourceTree = "<group>";
		};
/* End PBXVariantGroup section */

/* Begin XCBuildConfiguration section */
		9596E89B1BFC78C2009A6757 /* Debug */ = {
			isa = XCBuildConfiguration;
			buildSettings = {
				ALWAYS_SEARCH_USER_PATHS = NO;
				CLANG_CXX_LANGUAGE_STANDARD = "gnu++0x";
				CLANG_CXX_LIBRARY = "libc++";
				CLANG_ENABLE_MODULES = YES;
				CLANG_ENABLE_OBJC_ARC = YES;
				CLANG_WARN_BOOL_CONVERSION = YES;
				CLANG_WARN_CONSTANT_CONVERSION = YES;
				CLANG_WARN_DIRECT_OBJC_ISA_USAGE = YES_ERROR;
				CLANG_WARN_EMPTY_BODY = YES;
				CLANG_WARN_ENUM_CONVERSION = YES;
				CLANG_WARN_INT_CONVERSION = YES;
				CLANG_WARN_OBJC_ROOT_CLASS = YES_ERROR;
				CLANG_WARN_UNREACHABLE_CODE = YES;
				CLANG_WARN__DUPLICATE_METHOD_MATCH = YES;
				"CODE_SIGN_IDENTITY[sdk=iphoneos*]" = "iPhone Developer";
				COPY_PHASE_STRIP = NO;
				DEBUG_INFORMATION_FORMAT = dwarf;
				ENABLE_STRICT_OBJC_MSGSEND = YES;
				ENABLE_TESTABILITY = YES;
				GCC_C_LANGUAGE_STANDARD = gnu99;
				GCC_DYNAMIC_NO_PIC = NO;
				GCC_NO_COMMON_BLOCKS = YES;
				GCC_OPTIMIZATION_LEVEL = 0;
				GCC_PREPROCESSOR_DEFINITIONS = (
					"DEBUG=1",
					"$(inherited)",
				);
				GCC_WARN_64_TO_32_BIT_CONVERSION = YES;
				GCC_WARN_ABOUT_RETURN_TYPE = YES_ERROR;
				GCC_WARN_UNDECLARED_SELECTOR = YES;
				GCC_WARN_UNINITIALIZED_AUTOS = YES_AGGRESSIVE;
				GCC_WARN_UNUSED_FUNCTION = YES;
				GCC_WARN_UNUSED_VARIABLE = YES;
				IPHONEOS_DEPLOYMENT_TARGET = 9.1;
				MTL_ENABLE_DEBUG_INFO = YES;
				ONLY_ACTIVE_ARCH = YES;
				SDKROOT = iphoneos;
				SWIFT_OPTIMIZATION_LEVEL = "-Onone";
			};
			name = Debug;
		};
		9596E89C1BFC78C2009A6757 /* Release */ = {
			isa = XCBuildConfiguration;
			buildSettings = {
				ALWAYS_SEARCH_USER_PATHS = NO;
				CLANG_CXX_LANGUAGE_STANDARD = "gnu++0x";
				CLANG_CXX_LIBRARY = "libc++";
				CLANG_ENABLE_MODULES = YES;
				CLANG_ENABLE_OBJC_ARC = YES;
				CLANG_WARN_BOOL_CONVERSION = YES;
				CLANG_WARN_CONSTANT_CONVERSION = YES;
				CLANG_WARN_DIRECT_OBJC_ISA_USAGE = YES_ERROR;
				CLANG_WARN_EMPTY_BODY = YES;
				CLANG_WARN_ENUM_CONVERSION = YES;
				CLANG_WARN_INT_CONVERSION = YES;
				CLANG_WARN_OBJC_ROOT_CLASS = YES_ERROR;
				CLANG_WARN_UNREACHABLE_CODE = YES;
				CLANG_WARN__DUPLICATE_METHOD_MATCH = YES;
				"CODE_SIGN_IDENTITY[sdk=iphoneos*]" = "iPhone Developer";
				COPY_PHASE_STRIP = NO;
				DEBUG_INFORMATION_FORMAT = "dwarf-with-dsym";
				ENABLE_NS_ASSERTIONS = NO;
				ENABLE_STRICT_OBJC_MSGSEND = YES;
				GCC_C_LANGUAGE_STANDARD = gnu99;
				GCC_NO_COMMON_BLOCKS = YES;
				GCC_WARN_64_TO_32_BIT_CONVERSION = YES;
				GCC_WARN_ABOUT_RETURN_TYPE = YES_ERROR;
				GCC_WARN_UNDECLARED_SELECTOR = YES;
				GCC_WARN_UNINITIALIZED_AUTOS = YES_AGGRESSIVE;
				GCC_WARN_UNUSED_FUNCTION = YES;
				GCC_WARN_UNUSED_VARIABLE = YES;
				IPHONEOS_DEPLOYMENT_TARGET = 9.1;
				MTL_ENABLE_DEBUG_INFO = NO;
				SDKROOT = iphoneos;
				VALIDATE_PRODUCT = YES;
			};
			name = Release;
		};
		9596E89E1BFC78C2009A6757 /* Debug */ = {
			isa = XCBuildConfiguration;
			buildSettings = {
				ASSETCATALOG_COMPILER_APPICON_NAME = AppIcon;
				INFOPLIST_FILE = Contacts/Info.plist;
				LD_RUNPATH_SEARCH_PATHS = "$(inherited) @executable_path/Frameworks";
				PRODUCT_BUNDLE_IDENTIFIER = com.annanymouse.Contacts;
				PRODUCT_NAME = "$(TARGET_NAME)";
			};
			name = Debug;
		};
		9596E89F1BFC78C2009A6757 /* Release */ = {
			isa = XCBuildConfiguration;
			buildSettings = {
				ASSETCATALOG_COMPILER_APPICON_NAME = AppIcon;
				INFOPLIST_FILE = Contacts/Info.plist;
				LD_RUNPATH_SEARCH_PATHS = "$(inherited) @executable_path/Frameworks";
				PRODUCT_BUNDLE_IDENTIFIER = com.annanymouse.Contacts;
				PRODUCT_NAME = "$(TARGET_NAME)";
			};
			name = Release;
		};
/* End XCBuildConfiguration section */

/* Begin XCConfigurationList section */
		9596E8861BFC78C2009A6757 /* Build configuration list for PBXProject "Contacts" */ = {
			isa = XCConfigurationList;
			buildConfigurations = (
				9596E89B1BFC78C2009A6757 /* Debug */,
				9596E89C1BFC78C2009A6757 /* Release */,
			);
			defaultConfigurationIsVisible = 0;
			defaultConfigurationName = Release;
		};
		9596E89D1BFC78C2009A6757 /* Build configuration list for PBXNativeTarget "Contacts" */ = {
			isa = XCConfigurationList;
			buildConfigurations = (
				9596E89E1BFC78C2009A6757 /* Debug */,
				9596E89F1BFC78C2009A6757 /* Release */,
			);
			defaultConfigurationIsVisible = 0;
		};
/* End XCConfigurationList section */
	};
	rootObject = 9596E8831BFC78C2009A6757 /* Project object */;
}
